
Microsoft Visual Studio Solution File, Format Version 12.00
# Visual Studio Version 16
VisualStudioVersion = 16.0.28701.123
MinimumVisualStudioVersion = 10.0.40219.1
Project("{9A19103F-16F7-4668-BE54-9A1E7A4F7556}") = "CLILL", "CLILL\CLILL.csproj", "{5A5CAB34-9733-4E7D-A27F-24CB756C396E}"
EndProject
Project("{FAE04EC0-301F-11D3-BF4B-00C04F79EFBC}") = "CLILL.Tests", "CLILL.Tests\CLILL.Tests.csproj", "{846070D3-3AD0-4AC1-9885-23B02FB50D04}"
EndProject
Global
	GlobalSection(SolutionConfigurationPlatforms) = preSolution
		Debug|Any CPU = Debug|Any CPU
		Release|Any CPU = Release|Any CPU
	EndGlobalSection
	GlobalSection(ProjectConfigurationPlatforms) = postSolution
		{5A5CAB34-9733-4E7D-A27F-24CB756C396E}.Debug|Any CPU.ActiveCfg = Debug|Any CPU
		{5A5CAB34-9733-4E7D-A27F-24CB756C396E}.Debug|Any CPU.Build.0 = Debug|Any CPU
		{5A5CAB34-9733-4E7D-A27F-24CB756C396E}.Release|Any CPU.ActiveCfg = Release|Any CPU
		{5A5CAB34-9733-4E7D-A27F-24CB756C396E}.Release|Any CPU.Build.0 = Release|Any CPU
		{846070D3-3AD0-4AC1-9885-23B02FB50D04}.Debug|Any CPU.ActiveCfg = Debug|Any CPU
		{846070D3-3AD0-4AC1-9885-23B02FB50D04}.Debug|Any CPU.Build.0 = Debug|Any CPU
		{846070D3-3AD0-4AC1-9885-23B02FB50D04}.Release|Any CPU.ActiveCfg = Release|Any CPU
		{846070D3-3AD0-4AC1-9885-23B02FB50D04}.Release|Any CPU.Build.0 = Release|Any CPU
	EndGlobalSection
	GlobalSection(SolutionProperties) = preSolution
		HideSolutionNode = FALSE
	EndGlobalSection
	GlobalSection(ExtensibilityGlobals) = postSolution
		SolutionGuid = {1A03F978-EB5F-48C4-9BF4-FD65656B585B}
	EndGlobalSection
EndGlobal
